
Microsoft Visual Studio Solution File, Format Version 12.00
# Visual Studio Version 17
VisualStudioVersion = 17.5.002.0
MinimumVisualStudioVersion = 10.0.40219.1
Project("{2150E333-8FDC-42A3-9474-1A3956D46DE8}") = "csharp-prep", "csharp-prep", "{CBBC8A43-5CB7-4194-9D64-10ADD44CDCC1}"
EndProject
Project("{9A19103F-16F7-4668-BE54-9A1E7A4F7556}") = "Prep1", "csharp-prep\Prep1\Prep1.csproj", "{D08207F8-8AFD-4F5C-A4DA-05F4BD657BC2}"
EndProject
Project("{9A19103F-16F7-4668-BE54-9A1E7A4F7556}") = "Prep2", "csharp-prep\Prep2\Prep2.csproj", "{14063401-E9F4-415C-9E6A-8DCAAF6B94FA}"
EndProject
Project("{9A19103F-16F7-4668-BE54-9A1E7A4F7556}") = "Prep3", "csharp-prep\Prep3\Prep3.csproj", "{3E876E4C-0B2F-4457-AD98-5153CB4280E8}"
EndProject
Project("{9A19103F-16F7-4668-BE54-9A1E7A4F7556}") = "Prep4", "csharp-prep\Prep4\Prep4.csproj", "{69837B24-3E91-4910-9173-65F8825F5A2C}"
EndProject
Project("{9A19103F-16F7-4668-BE54-9A1E7A4F7556}") = "Prep5", "csharp-prep\Prep5\Prep5.csproj", "{C7FE5329-0D30-4C0B-8DF9-984416148342}"
EndProject
Project("{2150E333-8FDC-42A3-9474-1A3956D46DE8}") = "final", "final", "{328757A0-7E8D-4129-81AA-81C7DD426A92}"
EndProject
Project("{9A19103F-16F7-4668-BE54-9A1E7A4F7556}") = "FinalProject", "final\FinalProject\FinalProject.csproj", "{45A995A8-F643-4132-A4A0-37D293D012EE}"
EndProject
Project("{9A19103F-16F7-4668-BE54-9A1E7A4F7556}") = "Foundation1", "final\Foundation1\Foundation1.csproj", "{384D5375-37B2-476E-BE72-150EF3C7F165}"
EndProject
Project("{9A19103F-16F7-4668-BE54-9A1E7A4F7556}") = "Foundation2", "final\Foundation2\Foundation2.csproj", "{0ED63DF1-2BAE-4325-B2F0-6D5A3804C72E}"
EndProject
Project("{9A19103F-16F7-4668-BE54-9A1E7A4F7556}") = "Foundation3", "final\Foundation3\Foundation3.csproj", "{96DC3CD1-BD5C-4B02-BE32-4F0E71477774}"
EndProject
Project("{9A19103F-16F7-4668-BE54-9A1E7A4F7556}") = "Foundation4", "final\Foundation4\Foundation4.csproj", "{38187743-1352-4D54-B7BE-4501F37AA211}"
EndProject
Project("{2150E333-8FDC-42A3-9474-1A3956D46DE8}") = "prepare", "prepare", "{4D65B110-B231-4E7D-B115-D3A53A1E0B5D}"
EndProject
Project("{9A19103F-16F7-4668-BE54-9A1E7A4F7556}") = "Learning02", "prepare\Learning02\Learning02.csproj", "{02D0325E-28D3-4182-9325-57E73B54E609}"
EndProject
Project("{9A19103F-16F7-4668-BE54-9A1E7A4F7556}") = "Learning03", "prepare\Learning03\Learning03.csproj", "{AB547284-A027-4303-9B16-A5CDDF359874}"
EndProject
Project("{9A19103F-16F7-4668-BE54-9A1E7A4F7556}") = "Learning04", "prepare\Learning04\Learning04.csproj", "{B5F01E00-A78C-44F5-9CB4-BCE232D77462}"
EndProject
Project("{9A19103F-16F7-4668-BE54-9A1E7A4F7556}") = "Learning05", "prepare\Learning05\Learning05.csproj", "{032B590B-8910-4F6A-912F-73075D530A40}"
EndProject
Project("{2150E333-8FDC-42A3-9474-1A3956D46DE8}") = "prove", "prove", "{77383E7D-B094-4B29-84A6-042ADABFF573}"
EndProject
Project("{9A19103F-16F7-4668-BE54-9A1E7A4F7556}") = "Develop02", "prove\Develop02\Develop02.csproj", "{371497C4-DEA5-4CF7-A503-F5BC2B6E84B1}"
EndProject
Project("{9A19103F-16F7-4668-BE54-9A1E7A4F7556}") = "Develop03", "prove\Develop03\Develop03.csproj", "{D4E201F8-2086-4DE9-9480-B446D34E1E59}"
EndProject
Project("{9A19103F-16F7-4668-BE54-9A1E7A4F7556}") = "Develop04", "prove\Develop04\Develop04.csproj", "{BF868090-980D-465B-B4DB-9E0AFD9C23C1}"
EndProject
Project("{9A19103F-16F7-4668-BE54-9A1E7A4F7556}") = "Develop05", "prove\Develop05\Develop05.csproj", "{E73312E0-50AA-4335-84C7-6344B758595A}"
EndProject
Project("{2150E333-8FDC-42A3-9474-1A3956D46DE8}") = "sandbox", "sandbox", "{ADFED977-4708-4640-9B4D-5F7845795996}"
EndProject
Project("{9A19103F-16F7-4668-BE54-9A1E7A4F7556}") = "Sandbox", "sandbox\Sandbox\Sandbox.csproj", "{51B11207-4D0F-4A65-A465-C8D59A93D61E}"
EndProject
Project("{2150E333-8FDC-42A3-9474-1A3956D46DE8}") = "cse210-hw", "cse210-hw", "{9EA759E0-BDE7-40A8-90D2-0ADD78C516DE}"
EndProject
Project("{2150E333-8FDC-42A3-9474-1A3956D46DE8}") = "csharp-prep", "csharp-prep", "{E176A9ED-23CA-4E40-9F0D-5BCD34EFE693}"
EndProject
Project("{9A19103F-16F7-4668-BE54-9A1E7A4F7556}") = "Prep1", "cse210-hw\csharp-prep\Prep1\Prep1.csproj", "{8C5D5732-BDAB-41B3-B7D1-86FF10BA5D68}"
EndProject
Project("{9A19103F-16F7-4668-BE54-9A1E7A4F7556}") = "Prep2", "cse210-hw\csharp-prep\Prep2\Prep2.csproj", "{0D2465DC-022A-4090-9AA1-9E8AF49CE6CA}"
EndProject
Project("{9A19103F-16F7-4668-BE54-9A1E7A4F7556}") = "Prep3", "cse210-hw\csharp-prep\Prep3\Prep3.csproj", "{D90EB20D-FE67-4875-BB79-E15000A8ECF8}"
EndProject
Project("{9A19103F-16F7-4668-BE54-9A1E7A4F7556}") = "Prep4", "cse210-hw\csharp-prep\Prep4\Prep4.csproj", "{ECB87262-736E-4E46-8734-2AB8A9A6D25A}"
EndProject
Project("{9A19103F-16F7-4668-BE54-9A1E7A4F7556}") = "Prep5", "cse210-hw\csharp-prep\Prep5\Prep5.csproj", "{53F6A096-EDAE-44DF-8092-A43B3AA292E3}"
EndProject
Project("{2150E333-8FDC-42A3-9474-1A3956D46DE8}") = "final", "final", "{9B8623AA-3870-40AF-8859-3CAF57CEA949}"
EndProject
Project("{9A19103F-16F7-4668-BE54-9A1E7A4F7556}") = "FinalProject", "cse210-hw\final\FinalProject\FinalProject.csproj", "{422258A7-5CDC-40C3-BCEB-7BCA1DCFCBFE}"
EndProject
Project("{9A19103F-16F7-4668-BE54-9A1E7A4F7556}") = "Foundation1", "cse210-hw\final\Foundation1\Foundation1.csproj", "{B8610C91-AF5D-41A2-AA4C-4CD6179E95BC}"
EndProject
Project("{9A19103F-16F7-4668-BE54-9A1E7A4F7556}") = "Foundation2", "cse210-hw\final\Foundation2\Foundation2.csproj", "{F969F54B-2CFF-4C66-ADA2-30413EDE35DF}"
EndProject
Project("{9A19103F-16F7-4668-BE54-9A1E7A4F7556}") = "Foundation3", "cse210-hw\final\Foundation3\Foundation3.csproj", "{32CF65D1-3A34-44C9-ABF3-6D1296A8D6D3}"
EndProject
Project("{9A19103F-16F7-4668-BE54-9A1E7A4F7556}") = "Foundation4", "cse210-hw\final\Foundation4\Foundation4.csproj", "{6E1F6CCD-2B9C-42D5-A140-27A4FD683A3C}"
EndProject
Project("{2150E333-8FDC-42A3-9474-1A3956D46DE8}") = "prepare", "prepare", "{AE38A16A-2184-4ED1-B477-82074A6D7F4A}"
EndProject
Project("{9A19103F-16F7-4668-BE54-9A1E7A4F7556}") = "Learning02", "cse210-hw\prepare\Learning02\Learning02.csproj", "{689C35AE-43DB-4C8E-A03E-54340C8A3F59}"
EndProject
Project("{9A19103F-16F7-4668-BE54-9A1E7A4F7556}") = "Learning03", "cse210-hw\prepare\Learning03\Learning03.csproj", "{1EC75D80-141C-4004-A20A-95D39F3D85A0}"
EndProject
Project("{9A19103F-16F7-4668-BE54-9A1E7A4F7556}") = "Learning04", "cse210-hw\prepare\Learning04\Learning04.csproj", "{96B2CAB6-E278-4AB0-A0FF-23CE9C0C1236}"
EndProject
Project("{9A19103F-16F7-4668-BE54-9A1E7A4F7556}") = "Learning05", "cse210-hw\prepare\Learning05\Learning05.csproj", "{3F9E683C-0B08-46DE-868B-C295D0C31D17}"
EndProject
Project("{2150E333-8FDC-42A3-9474-1A3956D46DE8}") = "prove", "prove", "{3A401802-3E06-4B45-B03F-9B72D5E7C81F}"
EndProject
Project("{9A19103F-16F7-4668-BE54-9A1E7A4F7556}") = "Develop02", "cse210-hw\prove\Develop02\Develop02.csproj", "{4E3A72F6-6D8F-49FC-8DB4-58CB0CD4F472}"
EndProject
Project("{9A19103F-16F7-4668-BE54-9A1E7A4F7556}") = "Develop03", "cse210-hw\prove\Develop03\Develop03.csproj", "{DC3A523B-FFFE-4068-A9D6-2D53A0743551}"
EndProject
Project("{9A19103F-16F7-4668-BE54-9A1E7A4F7556}") = "Develop04", "cse210-hw\prove\Develop04\Develop04.csproj", "{1430FED6-8595-4FAD-AECF-7E3754C811B9}"
EndProject
Project("{9A19103F-16F7-4668-BE54-9A1E7A4F7556}") = "Develop05", "cse210-hw\prove\Develop05\Develop05.csproj", "{48F3CF83-47B9-46BD-B6AC-3CB9C0647EDC}"
EndProject
Project("{2150E333-8FDC-42A3-9474-1A3956D46DE8}") = "sandbox", "sandbox", "{C4F14A16-5FA1-41F3-AD51-F09600D6CF50}"
EndProject
Project("{9A19103F-16F7-4668-BE54-9A1E7A4F7556}") = "Sandbox", "cse210-hw\sandbox\Sandbox\Sandbox.csproj", "{7780891B-E50A-48CC-9A3C-CC8EC9C54FAA}"
EndProject
Global
	GlobalSection(SolutionConfigurationPlatforms) = preSolution
		Debug|Any CPU = Debug|Any CPU
		Release|Any CPU = Release|Any CPU
	EndGlobalSection
	GlobalSection(ProjectConfigurationPlatforms) = postSolution
		{D08207F8-8AFD-4F5C-A4DA-05F4BD657BC2}.Debug|Any CPU.ActiveCfg = Debug|Any CPU
		{D08207F8-8AFD-4F5C-A4DA-05F4BD657BC2}.Debug|Any CPU.Build.0 = Debug|Any CPU
		{D08207F8-8AFD-4F5C-A4DA-05F4BD657BC2}.Release|Any CPU.ActiveCfg = Release|Any CPU
		{D08207F8-8AFD-4F5C-A4DA-05F4BD657BC2}.Release|Any CPU.Build.0 = Release|Any CPU
		{14063401-E9F4-415C-9E6A-8DCAAF6B94FA}.Debug|Any CPU.ActiveCfg = Debug|Any CPU
		{14063401-E9F4-415C-9E6A-8DCAAF6B94FA}.Debug|Any CPU.Build.0 = Debug|Any CPU
		{14063401-E9F4-415C-9E6A-8DCAAF6B94FA}.Release|Any CPU.ActiveCfg = Release|Any CPU
		{14063401-E9F4-415C-9E6A-8DCAAF6B94FA}.Release|Any CPU.Build.0 = Release|Any CPU
		{3E876E4C-0B2F-4457-AD98-5153CB4280E8}.Debug|Any CPU.ActiveCfg = Debug|Any CPU
		{3E876E4C-0B2F-4457-AD98-5153CB4280E8}.Debug|Any CPU.Build.0 = Debug|Any CPU
		{3E876E4C-0B2F-4457-AD98-5153CB4280E8}.Release|Any CPU.ActiveCfg = Release|Any CPU
		{3E876E4C-0B2F-4457-AD98-5153CB4280E8}.Release|Any CPU.Build.0 = Release|Any CPU
		{69837B24-3E91-4910-9173-65F8825F5A2C}.Debug|Any CPU.ActiveCfg = Debug|Any CPU
		{69837B24-3E91-4910-9173-65F8825F5A2C}.Debug|Any CPU.Build.0 = Debug|Any CPU
		{69837B24-3E91-4910-9173-65F8825F5A2C}.Release|Any CPU.ActiveCfg = Release|Any CPU
		{69837B24-3E91-4910-9173-65F8825F5A2C}.Release|Any CPU.Build.0 = Release|Any CPU
		{C7FE5329-0D30-4C0B-8DF9-984416148342}.Debug|Any CPU.ActiveCfg = Debug|Any CPU
		{C7FE5329-0D30-4C0B-8DF9-984416148342}.Debug|Any CPU.Build.0 = Debug|Any CPU
		{C7FE5329-0D30-4C0B-8DF9-984416148342}.Release|Any CPU.ActiveCfg = Release|Any CPU
		{C7FE5329-0D30-4C0B-8DF9-984416148342}.Release|Any CPU.Build.0 = Release|Any CPU
		{45A995A8-F643-4132-A4A0-37D293D012EE}.Debug|Any CPU.ActiveCfg = Debug|Any CPU
		{45A995A8-F643-4132-A4A0-37D293D012EE}.Debug|Any CPU.Build.0 = Debug|Any CPU
		{45A995A8-F643-4132-A4A0-37D293D012EE}.Release|Any CPU.ActiveCfg = Release|Any CPU
		{45A995A8-F643-4132-A4A0-37D293D012EE}.Release|Any CPU.Build.0 = Release|Any CPU
		{384D5375-37B2-476E-BE72-150EF3C7F165}.Debug|Any CPU.ActiveCfg = Debug|Any CPU
		{384D5375-37B2-476E-BE72-150EF3C7F165}.Debug|Any CPU.Build.0 = Debug|Any CPU
		{384D5375-37B2-476E-BE72-150EF3C7F165}.Release|Any CPU.ActiveCfg = Release|Any CPU
		{384D5375-37B2-476E-BE72-150EF3C7F165}.Release|Any CPU.Build.0 = Release|Any CPU
		{0ED63DF1-2BAE-4325-B2F0-6D5A3804C72E}.Debug|Any CPU.ActiveCfg = Debug|Any CPU
		{0ED63DF1-2BAE-4325-B2F0-6D5A3804C72E}.Debug|Any CPU.Build.0 = Debug|Any CPU
		{0ED63DF1-2BAE-4325-B2F0-6D5A3804C72E}.Release|Any CPU.ActiveCfg = Release|Any CPU
		{0ED63DF1-2BAE-4325-B2F0-6D5A3804C72E}.Release|Any CPU.Build.0 = Release|Any CPU
		{96DC3CD1-BD5C-4B02-BE32-4F0E71477774}.Debug|Any CPU.ActiveCfg = Debug|Any CPU
		{96DC3CD1-BD5C-4B02-BE32-4F0E71477774}.Debug|Any CPU.Build.0 = Debug|Any CPU
		{96DC3CD1-BD5C-4B02-BE32-4F0E71477774}.Release|Any CPU.ActiveCfg = Release|Any CPU
		{96DC3CD1-BD5C-4B02-BE32-4F0E71477774}.Release|Any CPU.Build.0 = Release|Any CPU
		{38187743-1352-4D54-B7BE-4501F37AA211}.Debug|Any CPU.ActiveCfg = Debug|Any CPU
		{38187743-1352-4D54-B7BE-4501F37AA211}.Debug|Any CPU.Build.0 = Debug|Any CPU
		{38187743-1352-4D54-B7BE-4501F37AA211}.Release|Any CPU.ActiveCfg = Release|Any CPU
		{38187743-1352-4D54-B7BE-4501F37AA211}.Release|Any CPU.Build.0 = Release|Any CPU
		{02D0325E-28D3-4182-9325-57E73B54E609}.Debug|Any CPU.ActiveCfg = Debug|Any CPU
		{02D0325E-28D3-4182-9325-57E73B54E609}.Debug|Any CPU.Build.0 = Debug|Any CPU
		{02D0325E-28D3-4182-9325-57E73B54E609}.Release|Any CPU.ActiveCfg = Release|Any CPU
		{02D0325E-28D3-4182-9325-57E73B54E609}.Release|Any CPU.Build.0 = Release|Any CPU
		{AB547284-A027-4303-9B16-A5CDDF359874}.Debug|Any CPU.ActiveCfg = Debug|Any CPU
		{AB547284-A027-4303-9B16-A5CDDF359874}.Debug|Any CPU.Build.0 = Debug|Any CPU
		{AB547284-A027-4303-9B16-A5CDDF359874}.Release|Any CPU.ActiveCfg = Release|Any CPU
		{AB547284-A027-4303-9B16-A5CDDF359874}.Release|Any CPU.Build.0 = Release|Any CPU
		{B5F01E00-A78C-44F5-9CB4-BCE232D77462}.Debug|Any CPU.ActiveCfg = Debug|Any CPU
		{B5F01E00-A78C-44F5-9CB4-BCE232D77462}.Debug|Any CPU.Build.0 = Debug|Any CPU
		{B5F01E00-A78C-44F5-9CB4-BCE232D77462}.Release|Any CPU.ActiveCfg = Release|Any CPU
		{B5F01E00-A78C-44F5-9CB4-BCE232D77462}.Release|Any CPU.Build.0 = Release|Any CPU
		{032B590B-8910-4F6A-912F-73075D530A40}.Debug|Any CPU.ActiveCfg = Debug|Any CPU
		{032B590B-8910-4F6A-912F-73075D530A40}.Debug|Any CPU.Build.0 = Debug|Any CPU
		{032B590B-8910-4F6A-912F-73075D530A40}.Release|Any CPU.ActiveCfg = Release|Any CPU
		{032B590B-8910-4F6A-912F-73075D530A40}.Release|Any CPU.Build.0 = Release|Any CPU
		{371497C4-DEA5-4CF7-A503-F5BC2B6E84B1}.Debug|Any CPU.ActiveCfg = Debug|Any CPU
		{371497C4-DEA5-4CF7-A503-F5BC2B6E84B1}.Debug|Any CPU.Build.0 = Debug|Any CPU
		{371497C4-DEA5-4CF7-A503-F5BC2B6E84B1}.Release|Any CPU.ActiveCfg = Release|Any CPU
		{371497C4-DEA5-4CF7-A503-F5BC2B6E84B1}.Release|Any CPU.Build.0 = Release|Any CPU
		{D4E201F8-2086-4DE9-9480-B446D34E1E59}.Debug|Any CPU.ActiveCfg = Debug|Any CPU
		{D4E201F8-2086-4DE9-9480-B446D34E1E59}.Debug|Any CPU.Build.0 = Debug|Any CPU
		{D4E201F8-2086-4DE9-9480-B446D34E1E59}.Release|Any CPU.ActiveCfg = Release|Any CPU
		{D4E201F8-2086-4DE9-9480-B446D34E1E59}.Release|Any CPU.Build.0 = Release|Any CPU
		{BF868090-980D-465B-B4DB-9E0AFD9C23C1}.Debug|Any CPU.ActiveCfg = Debug|Any CPU
		{BF868090-980D-465B-B4DB-9E0AFD9C23C1}.Debug|Any CPU.Build.0 = Debug|Any CPU
		{BF868090-980D-465B-B4DB-9E0AFD9C23C1}.Release|Any CPU.ActiveCfg = Release|Any CPU
		{BF868090-980D-465B-B4DB-9E0AFD9C23C1}.Release|Any CPU.Build.0 = Release|Any CPU
		{E73312E0-50AA-4335-84C7-6344B758595A}.Debug|Any CPU.ActiveCfg = Debug|Any CPU
		{E73312E0-50AA-4335-84C7-6344B758595A}.Debug|Any CPU.Build.0 = Debug|Any CPU
		{E73312E0-50AA-4335-84C7-6344B758595A}.Release|Any CPU.ActiveCfg = Release|Any CPU
		{E73312E0-50AA-4335-84C7-6344B758595A}.Release|Any CPU.Build.0 = Release|Any CPU
		{51B11207-4D0F-4A65-A465-C8D59A93D61E}.Debug|Any CPU.ActiveCfg = Debug|Any CPU
		{51B11207-4D0F-4A65-A465-C8D59A93D61E}.Debug|Any CPU.Build.0 = Debug|Any CPU
		{51B11207-4D0F-4A65-A465-C8D59A93D61E}.Release|Any CPU.ActiveCfg = Release|Any CPU
		{51B11207-4D0F-4A65-A465-C8D59A93D61E}.Release|Any CPU.Build.0 = Release|Any CPU
		{8C5D5732-BDAB-41B3-B7D1-86FF10BA5D68}.Debug|Any CPU.ActiveCfg = Debug|Any CPU
		{8C5D5732-BDAB-41B3-B7D1-86FF10BA5D68}.Debug|Any CPU.Build.0 = Debug|Any CPU
		{8C5D5732-BDAB-41B3-B7D1-86FF10BA5D68}.Release|Any CPU.ActiveCfg = Release|Any CPU
		{8C5D5732-BDAB-41B3-B7D1-86FF10BA5D68}.Release|Any CPU.Build.0 = Release|Any CPU
		{0D2465DC-022A-4090-9AA1-9E8AF49CE6CA}.Debug|Any CPU.ActiveCfg = Debug|Any CPU
		{0D2465DC-022A-4090-9AA1-9E8AF49CE6CA}.Debug|Any CPU.Build.0 = Debug|Any CPU
		{0D2465DC-022A-4090-9AA1-9E8AF49CE6CA}.Release|Any CPU.ActiveCfg = Release|Any CPU
		{0D2465DC-022A-4090-9AA1-9E8AF49CE6CA}.Release|Any CPU.Build.0 = Release|Any CPU
		{D90EB20D-FE67-4875-BB79-E15000A8ECF8}.Debug|Any CPU.ActiveCfg = Debug|Any CPU
		{D90EB20D-FE67-4875-BB79-E15000A8ECF8}.Debug|Any CPU.Build.0 = Debug|Any CPU
		{D90EB20D-FE67-4875-BB79-E15000A8ECF8}.Release|Any CPU.ActiveCfg = Release|Any CPU
		{D90EB20D-FE67-4875-BB79-E15000A8ECF8}.Release|Any CPU.Build.0 = Release|Any CPU
		{ECB87262-736E-4E46-8734-2AB8A9A6D25A}.Debug|Any CPU.ActiveCfg = Debug|Any CPU
		{ECB87262-736E-4E46-8734-2AB8A9A6D25A}.Debug|Any CPU.Build.0 = Debug|Any CPU
		{ECB87262-736E-4E46-8734-2AB8A9A6D25A}.Release|Any CPU.ActiveCfg = Release|Any CPU
		{ECB87262-736E-4E46-8734-2AB8A9A6D25A}.Release|Any CPU.Build.0 = Release|Any CPU
		{53F6A096-EDAE-44DF-8092-A43B3AA292E3}.Debug|Any CPU.ActiveCfg = Debug|Any CPU
		{53F6A096-EDAE-44DF-8092-A43B3AA292E3}.Debug|Any CPU.Build.0 = Debug|Any CPU
		{53F6A096-EDAE-44DF-8092-A43B3AA292E3}.Release|Any CPU.ActiveCfg = Release|Any CPU
		{53F6A096-EDAE-44DF-8092-A43B3AA292E3}.Release|Any CPU.Build.0 = Release|Any CPU
		{422258A7-5CDC-40C3-BCEB-7BCA1DCFCBFE}.Debug|Any CPU.ActiveCfg = Debug|Any CPU
		{422258A7-5CDC-40C3-BCEB-7BCA1DCFCBFE}.Debug|Any CPU.Build.0 = Debug|Any CPU
		{422258A7-5CDC-40C3-BCEB-7BCA1DCFCBFE}.Release|Any CPU.ActiveCfg = Release|Any CPU
		{422258A7-5CDC-40C3-BCEB-7BCA1DCFCBFE}.Release|Any CPU.Build.0 = Release|Any CPU
		{B8610C91-AF5D-41A2-AA4C-4CD6179E95BC}.Debug|Any CPU.ActiveCfg = Debug|Any CPU
		{B8610C91-AF5D-41A2-AA4C-4CD6179E95BC}.Debug|Any CPU.Build.0 = Debug|Any CPU
		{B8610C91-AF5D-41A2-AA4C-4CD6179E95BC}.Release|Any CPU.ActiveCfg = Release|Any CPU
		{B8610C91-AF5D-41A2-AA4C-4CD6179E95BC}.Release|Any CPU.Build.0 = Release|Any CPU
		{F969F54B-2CFF-4C66-ADA2-30413EDE35DF}.Debug|Any CPU.ActiveCfg = Debug|Any CPU
		{F969F54B-2CFF-4C66-ADA2-30413EDE35DF}.Debug|Any CPU.Build.0 = Debug|Any CPU
		{F969F54B-2CFF-4C66-ADA2-30413EDE35DF}.Release|Any CPU.ActiveCfg = Release|Any CPU
		{F969F54B-2CFF-4C66-ADA2-30413EDE35DF}.Release|Any CPU.Build.0 = Release|Any CPU
		{32CF65D1-3A34-44C9-ABF3-6D1296A8D6D3}.Debug|Any CPU.ActiveCfg = Debug|Any CPU
		{32CF65D1-3A34-44C9-ABF3-6D1296A8D6D3}.Debug|Any CPU.Build.0 = Debug|Any CPU
		{32CF65D1-3A34-44C9-ABF3-6D1296A8D6D3}.Release|Any CPU.ActiveCfg = Release|Any CPU
		{32CF65D1-3A34-44C9-ABF3-6D1296A8D6D3}.Release|Any CPU.Build.0 = Release|Any CPU
		{6E1F6CCD-2B9C-42D5-A140-27A4FD683A3C}.Debug|Any CPU.ActiveCfg = Debug|Any CPU
		{6E1F6CCD-2B9C-42D5-A140-27A4FD683A3C}.Debug|Any CPU.Build.0 = Debug|Any CPU
		{6E1F6CCD-2B9C-42D5-A140-27A4FD683A3C}.Release|Any CPU.ActiveCfg = Release|Any CPU
		{6E1F6CCD-2B9C-42D5-A140-27A4FD683A3C}.Release|Any CPU.Build.0 = Release|Any CPU
		{689C35AE-43DB-4C8E-A03E-54340C8A3F59}.Debug|Any CPU.ActiveCfg = Debug|Any CPU
		{689C35AE-43DB-4C8E-A03E-54340C8A3F59}.Debug|Any CPU.Build.0 = Debug|Any CPU
		{689C35AE-43DB-4C8E-A03E-54340C8A3F59}.Release|Any CPU.ActiveCfg = Release|Any CPU
		{689C35AE-43DB-4C8E-A03E-54340C8A3F59}.Release|Any CPU.Build.0 = Release|Any CPU
		{1EC75D80-141C-4004-A20A-95D39F3D85A0}.Debug|Any CPU.ActiveCfg = Debug|Any CPU
		{1EC75D80-141C-4004-A20A-95D39F3D85A0}.Debug|Any CPU.Build.0 = Debug|Any CPU
		{1EC75D80-141C-4004-A20A-95D39F3D85A0}.Release|Any CPU.ActiveCfg = Release|Any CPU
		{1EC75D80-141C-4004-A20A-95D39F3D85A0}.Release|Any CPU.Build.0 = Release|Any CPU
		{96B2CAB6-E278-4AB0-A0FF-23CE9C0C1236}.Debug|Any CPU.ActiveCfg = Debug|Any CPU
		{96B2CAB6-E278-4AB0-A0FF-23CE9C0C1236}.Debug|Any CPU.Build.0 = Debug|Any CPU
		{96B2CAB6-E278-4AB0-A0FF-23CE9C0C1236}.Release|Any CPU.ActiveCfg = Release|Any CPU
		{96B2CAB6-E278-4AB0-A0FF-23CE9C0C1236}.Release|Any CPU.Build.0 = Release|Any CPU
		{3F9E683C-0B08-46DE-868B-C295D0C31D17}.Debug|Any CPU.ActiveCfg = Debug|Any CPU
		{3F9E683C-0B08-46DE-868B-C295D0C31D17}.Debug|Any CPU.Build.0 = Debug|Any CPU
		{3F9E683C-0B08-46DE-868B-C295D0C31D17}.Release|Any CPU.ActiveCfg = Release|Any CPU
		{3F9E683C-0B08-46DE-868B-C295D0C31D17}.Release|Any CPU.Build.0 = Release|Any CPU
		{4E3A72F6-6D8F-49FC-8DB4-58CB0CD4F472}.Debug|Any CPU.ActiveCfg = Debug|Any CPU
		{4E3A72F6-6D8F-49FC-8DB4-58CB0CD4F472}.Debug|Any CPU.Build.0 = Debug|Any CPU
		{4E3A72F6-6D8F-49FC-8DB4-58CB0CD4F472}.Release|Any CPU.ActiveCfg = Release|Any CPU
		{4E3A72F6-6D8F-49FC-8DB4-58CB0CD4F472}.Release|Any CPU.Build.0 = Release|Any CPU
		{DC3A523B-FFFE-4068-A9D6-2D53A0743551}.Debug|Any CPU.ActiveCfg = Debug|Any CPU
		{DC3A523B-FFFE-4068-A9D6-2D53A0743551}.Debug|Any CPU.Build.0 = Debug|Any CPU
		{DC3A523B-FFFE-4068-A9D6-2D53A0743551}.Release|Any CPU.ActiveCfg = Release|Any CPU
		{DC3A523B-FFFE-4068-A9D6-2D53A0743551}.Release|Any CPU.Build.0 = Release|Any CPU
		{1430FED6-8595-4FAD-AECF-7E3754C811B9}.Debug|Any CPU.ActiveCfg = Debug|Any CPU
		{1430FED6-8595-4FAD-AECF-7E3754C811B9}.Debug|Any CPU.Build.0 = Debug|Any CPU
		{1430FED6-8595-4FAD-AECF-7E3754C811B9}.Release|Any CPU.ActiveCfg = Release|Any CPU
		{1430FED6-8595-4FAD-AECF-7E3754C811B9}.Release|Any CPU.Build.0 = Release|Any CPU
		{48F3CF83-47B9-46BD-B6AC-3CB9C0647EDC}.Debug|Any CPU.ActiveCfg = Debug|Any CPU
		{48F3CF83-47B9-46BD-B6AC-3CB9C0647EDC}.Debug|Any CPU.Build.0 = Debug|Any CPU
		{48F3CF83-47B9-46BD-B6AC-3CB9C0647EDC}.Release|Any CPU.ActiveCfg = Release|Any CPU
		{48F3CF83-47B9-46BD-B6AC-3CB9C0647EDC}.Release|Any CPU.Build.0 = Release|Any CPU
		{7780891B-E50A-48CC-9A3C-CC8EC9C54FAA}.Debug|Any CPU.ActiveCfg = Debug|Any CPU
		{7780891B-E50A-48CC-9A3C-CC8EC9C54FAA}.Debug|Any CPU.Build.0 = Debug|Any CPU
		{7780891B-E50A-48CC-9A3C-CC8EC9C54FAA}.Release|Any CPU.ActiveCfg = Release|Any CPU
		{7780891B-E50A-48CC-9A3C-CC8EC9C54FAA}.Release|Any CPU.Build.0 = Release|Any CPU
	EndGlobalSection
	GlobalSection(SolutionProperties) = preSolution
		HideSolutionNode = FALSE
	EndGlobalSection
	GlobalSection(NestedProjects) = preSolution
		{D08207F8-8AFD-4F5C-A4DA-05F4BD657BC2} = {CBBC8A43-5CB7-4194-9D64-10ADD44CDCC1}
		{14063401-E9F4-415C-9E6A-8DCAAF6B94FA} = {CBBC8A43-5CB7-4194-9D64-10ADD44CDCC1}
		{3E876E4C-0B2F-4457-AD98-5153CB4280E8} = {CBBC8A43-5CB7-4194-9D64-10ADD44CDCC1}
		{69837B24-3E91-4910-9173-65F8825F5A2C} = {CBBC8A43-5CB7-4194-9D64-10ADD44CDCC1}
		{C7FE5329-0D30-4C0B-8DF9-984416148342} = {CBBC8A43-5CB7-4194-9D64-10ADD44CDCC1}
		{45A995A8-F643-4132-A4A0-37D293D012EE} = {328757A0-7E8D-4129-81AA-81C7DD426A92}
		{384D5375-37B2-476E-BE72-150EF3C7F165} = {328757A0-7E8D-4129-81AA-81C7DD426A92}
		{0ED63DF1-2BAE-4325-B2F0-6D5A3804C72E} = {328757A0-7E8D-4129-81AA-81C7DD426A92}
		{96DC3CD1-BD5C-4B02-BE32-4F0E71477774} = {328757A0-7E8D-4129-81AA-81C7DD426A92}
		{38187743-1352-4D54-B7BE-4501F37AA211} = {328757A0-7E8D-4129-81AA-81C7DD426A92}
		{02D0325E-28D3-4182-9325-57E73B54E609} = {4D65B110-B231-4E7D-B115-D3A53A1E0B5D}
		{AB547284-A027-4303-9B16-A5CDDF359874} = {4D65B110-B231-4E7D-B115-D3A53A1E0B5D}
		{B5F01E00-A78C-44F5-9CB4-BCE232D77462} = {4D65B110-B231-4E7D-B115-D3A53A1E0B5D}
		{032B590B-8910-4F6A-912F-73075D530A40} = {4D65B110-B231-4E7D-B115-D3A53A1E0B5D}
		{371497C4-DEA5-4CF7-A503-F5BC2B6E84B1} = {77383E7D-B094-4B29-84A6-042ADABFF573}
		{D4E201F8-2086-4DE9-9480-B446D34E1E59} = {77383E7D-B094-4B29-84A6-042ADABFF573}
		{BF868090-980D-465B-B4DB-9E0AFD9C23C1} = {77383E7D-B094-4B29-84A6-042ADABFF573}
		{E73312E0-50AA-4335-84C7-6344B758595A} = {77383E7D-B094-4B29-84A6-042ADABFF573}
		{51B11207-4D0F-4A65-A465-C8D59A93D61E} = {ADFED977-4708-4640-9B4D-5F7845795996}
		{E176A9ED-23CA-4E40-9F0D-5BCD34EFE693} = {9EA759E0-BDE7-40A8-90D2-0ADD78C516DE}
		{8C5D5732-BDAB-41B3-B7D1-86FF10BA5D68} = {E176A9ED-23CA-4E40-9F0D-5BCD34EFE693}
		{0D2465DC-022A-4090-9AA1-9E8AF49CE6CA} = {E176A9ED-23CA-4E40-9F0D-5BCD34EFE693}
		{D90EB20D-FE67-4875-BB79-E15000A8ECF8} = {E176A9ED-23CA-4E40-9F0D-5BCD34EFE693}
		{ECB87262-736E-4E46-8734-2AB8A9A6D25A} = {E176A9ED-23CA-4E40-9F0D-5BCD34EFE693}
		{53F6A096-EDAE-44DF-8092-A43B3AA292E3} = {E176A9ED-23CA-4E40-9F0D-5BCD34EFE693}
		{9B8623AA-3870-40AF-8859-3CAF57CEA949} = {9EA759E0-BDE7-40A8-90D2-0ADD78C516DE}
		{422258A7-5CDC-40C3-BCEB-7BCA1DCFCBFE} = {9B8623AA-3870-40AF-8859-3CAF57CEA949}
		{B8610C91-AF5D-41A2-AA4C-4CD6179E95BC} = {9B8623AA-3870-40AF-8859-3CAF57CEA949}
		{F969F54B-2CFF-4C66-ADA2-30413EDE35DF} = {9B8623AA-3870-40AF-8859-3CAF57CEA949}
		{32CF65D1-3A34-44C9-ABF3-6D1296A8D6D3} = {9B8623AA-3870-40AF-8859-3CAF57CEA949}
		{6E1F6CCD-2B9C-42D5-A140-27A4FD683A3C} = {9B8623AA-3870-40AF-8859-3CAF57CEA949}
		{AE38A16A-2184-4ED1-B477-82074A6D7F4A} = {9EA759E0-BDE7-40A8-90D2-0ADD78C516DE}
		{689C35AE-43DB-4C8E-A03E-54340C8A3F59} = {AE38A16A-2184-4ED1-B477-82074A6D7F4A}
		{1EC75D80-141C-4004-A20A-95D39F3D85A0} = {AE38A16A-2184-4ED1-B477-82074A6D7F4A}
		{96B2CAB6-E278-4AB0-A0FF-23CE9C0C1236} = {AE38A16A-2184-4ED1-B477-82074A6D7F4A}
		{3F9E683C-0B08-46DE-868B-C295D0C31D17} = {AE38A16A-2184-4ED1-B477-82074A6D7F4A}
		{3A401802-3E06-4B45-B03F-9B72D5E7C81F} = {9EA759E0-BDE7-40A8-90D2-0ADD78C516DE}
		{4E3A72F6-6D8F-49FC-8DB4-58CB0CD4F472} = {3A401802-3E06-4B45-B03F-9B72D5E7C81F}
		{DC3A523B-FFFE-4068-A9D6-2D53A0743551} = {3A401802-3E06-4B45-B03F-9B72D5E7C81F}
		{1430FED6-8595-4FAD-AECF-7E3754C811B9} = {3A401802-3E06-4B45-B03F-9B72D5E7C81F}
		{48F3CF83-47B9-46BD-B6AC-3CB9C0647EDC} = {3A401802-3E06-4B45-B03F-9B72D5E7C81F}
		{C4F14A16-5FA1-41F3-AD51-F09600D6CF50} = {9EA759E0-BDE7-40A8-90D2-0ADD78C516DE}
		{7780891B-E50A-48CC-9A3C-CC8EC9C54FAA} = {C4F14A16-5FA1-41F3-AD51-F09600D6CF50}
	EndGlobalSection
	GlobalSection(ExtensibilityGlobals) = postSolution
		SolutionGuid = {4F3A991D-8482-4518-979B-F5FD4DB97381}
	EndGlobalSection
EndGlobal
